version = 1
revision = 2
requires-python = ">=3.12"

[[package]]
name = "click"
version = "8.3.1"
source = { registry = "http://stinkbox:5005/index/" }
dependencies = [
    { name = "colorama", marker = "sys_platform == 'win32'" },
]
sdist = { url = "http://stinkbox:5005/index/click/click-8.3.1.tar.gz", hash = "sha256:12ff4785d337a1bb490bb7e9c2b1ee5da3112e94a8622f26a6c77f5d2fc6842a" }
wheels = [
    { url = "http://stinkbox:5005/index/click/click-8.3.1-py3-none-any.whl", hash = "sha256:981153a64e25f12d547d3426c367a4857371575ee7ad18df2a6183ab0545b2a6" },
]

[[package]]
name = "colorama"
version = "0.4.6"
source = { registry = "http://stinkbox:5005/index/" }
sdist = { url = "http://stinkbox:5005/index/colorama/colorama-0.4.6.tar.gz", hash = "sha256:08695f5cb7ed6e0531a20572697297273c47b8cae5a63ffc6d6ed5c201be6e44" }
wheels = [
    { url = "http://stinkbox:5005/index/colorama/colorama-0.4.6-py2.py3-none-any.whl", hash = "sha256:4f1d9991f5acc0ca119f9d443620b77f9d6b33703e51011c16baf57afb285fc6" },
]

[[package]]
name = "coverage"
version = "7.13.1"
source = { registry = "http://stinkbox:5005/index/" }
sdist = { url = "http://stinkbox:5005/index/coverage/coverage-7.13.1.tar.gz", hash = "sha256:b7593fe7eb5feaa3fbb461ac79aac9f9fc0387a5ca8080b0c6fe2ca27b091afd" }
wheels = [
    { url = "http://stinkbox:5005/index/coverage/coverage-7.13.1-cp312-cp312-macosx_10_13_x86_64.whl", hash = "sha256:6f34591000f06e62085b1865c9bc5f7858df748834662a51edadfd2c3bfe0dd3" },
    { url = "http://stinkbox:5005/index/coverage/coverage-7.13.1-cp312-cp312-macosx_11_0_arm64.whl", hash = "sha256:b67e47c5595b9224599016e333f5ec25392597a89d5744658f837d204e16c63e" },
    { url = "http://stinkbox:5005/index/coverage/coverage-7.13.1-cp312-cp312-manylinux1_i686.manylinux_2_28_i686.manylinux_2_5_i686.whl", hash = "sha256:3e7b8bd70c48ffb28461ebe092c2345536fb18bbbf19d287c8913699735f505c" },
    { url = "http://stinkbox:5005/index/coverage/coverage-7.13.1-cp312-cp312-manylinux1_x86_64.manylinux_2_28_x86_64.manylinux_2_5_x86_64.whl", hash = "sha256:c223d078112e90dc0e5c4e35b98b9584164bea9fbbd221c0b21c5241f6d51b62" },
    { url = "http://stinkbox:5005/index/coverage/coverage-7.13.1-cp312-cp312-manylinux2014_aarch64.manylinux_2_17_aarch64.manylinux_2_28_aarch64.whl", hash = "sha256:794f7c05af0763b1bbd1b9e6eff0e52ad068be3b12cd96c87de037b01390c968" },
    { url = "http://stinkbox:5005/index/coverage/coverage-7.13.1-cp312-cp312-manylinux_2_31_riscv64.manylinux_2_39_riscv64.whl", hash = "sha256:0642eae483cc8c2902e4af7298bf886d605e80f26382124cddc3967c2a3df09e" },
    { url = "http://stinkbox:5005/index/coverage/coverage-7.13.1-cp312-cp312-musllinux_1_2_aarch64.whl", hash = "sha256:9f5e772ed5fef25b3de9f2008fe67b92d46831bd2bc5bdc5dd6bfd06b83b316f" },
    { url = "http://stinkbox:5005/index/coverage/coverage-7.13.1-cp312-cp312-musllinux_1_2_i686.whl", hash = "sha256:45980ea19277dc0a579e432aef6a504fe098ef3a9032ead15e446eb0f1191aee" },
    { url = "http://stinkbox:5005/index/coverage/coverage-7.13.1-cp312-cp312-musllinux_1_2_riscv64.whl", hash = "sha256:e4f18eca6028ffa62adbd185a8f1e1dd242f2e68164dba5c2b74a5204850b4cf" },
    { url = "http://stinkbox:5005/index/coverage/coverage-7.13.1-cp312-cp312-musllinux_1_2_x86_64.whl", hash = "sha256:f8dca5590fec7a89ed6826fce625595279e586ead52e9e958d3237821fbc750c" },
    { url = "http://stinkbox:5005/index/coverage/coverage-7.13.1-cp312-cp312-win32.whl", hash = "sha256:ff86d4e85188bba72cfb876df3e11fa243439882c55957184af44a35bd5880b7" },
    { url = "http://stinkbox:5005/index/coverage/coverage-7.13.1-cp312-cp312-win_amd64.whl", hash = "sha256:16cc1da46c04fb0fb128b4dc430b78fa2aba8a6c0c9f8eb391fd5103409a6ac6" },
    { url = "http://stinkbox:5005/index/coverage/coverage-7.13.1-cp312-cp312-win_arm64.whl", hash = "sha256:8d9bc218650022a768f3775dd7fdac1886437325d8d295d923ebcfef4892ad5c" },
    { url = "http://stinkbox:5005/index/coverage/coverage-7.13.1-cp313-cp313-macosx_10_13_x86_64.whl", hash = "sha256:cb237bfd0ef4d5eb6a19e29f9e528ac67ac3be932ea6b44fb6cc09b9f3ecff78" },
    { url = "http://stinkbox:5005/index/coverage/coverage-7.13.1-cp313-cp313-macosx_11_0_arm64.whl", hash = "sha256:1dcb645d7e34dcbcc96cd7c132b1fc55c39263ca62eb961c064eb3928997363b" },
    { url = "http://stinkbox:5005/index/coverage/coverage-7.13.1-cp313-cp313-manylinux1_i686.manylinux_2_28_i686.manylinux_2_5_i686.whl", hash = "sha256:3d42df8201e00384736f0df9be2ced39324c3907607d17d50d50116c989d84cd" },
    { url = "http://stinkbox:5005/index/coverage/coverage-7.13.1-cp313-cp313-manylinux1_x86_64.manylinux_2_28_x86_64.manylinux_2_5_x86_64.whl", hash = "sha256:fa3edde1aa8807de1d05934982416cb3ec46d1d4d91e280bcce7cca01c507992" },
    { url = "http://stinkbox:5005/index/coverage/coverage-7.13.1-cp313-cp313-manylinux2014_aarch64.manylinux_2_17_aarch64.manylinux_2_28_aarch64.whl", hash = "sha256:9edd0e01a343766add6817bc448408858ba6b489039eaaa2018474e4001651a4" },
    { url = "http://stinkbox:5005/index/coverage/coverage-7.13.1-cp313-cp313-manylinux_2_31_riscv64.manylinux_2_39_riscv64.whl", hash = "sha256:985b7836931d033570b94c94713c6dba5f9d3ff26045f72c3e5dbc5fe3361e5a" },
    { url = "http://stinkbox:5005/index/coverage/coverage-7.13.1-cp313-cp313-musllinux_1_2_aarch64.whl", hash = "sha256:ffed1e4980889765c84a5d1a566159e363b71d6b6fbaf0bebc9d3c30bc016766" },
    { url = "http://stinkbox:5005/index/coverage/coverage-7.13.1-cp313-cp313-musllinux_1_2_i686.whl", hash = "sha256:8842af7f175078456b8b17f1b73a0d16a65dcbdc653ecefeb00a56b3c8c298c4" },
    { url = "http://stinkbox:5005/index/coverage/coverage-7.13.1-cp313-cp313-musllinux_1_2_riscv64.whl", hash = "sha256:ccd7a6fca48ca9c131d9b0a2972a581e28b13416fc313fb98b6d24a03ce9a398" },
    { url = "http://stinkbox:5005/index/coverage/coverage-7.13.1-cp313-cp313-musllinux_1_2_x86_64.whl", hash = "sha256:0403f647055de2609be776965108447deb8e384fe4a553c119e3ff6bfbab4784" },
    { url = "http://stinkbox:5005/index/coverage/coverage-7.13.1-cp313-cp313-win32.whl", hash = "sha256:549d195116a1ba1e1ae2f5ca143f9777800f6636eab917d4f02b5310d6d73461" },
    { url = "http://stinkbox:5005/index/coverage/coverage-7.13.1-cp313-cp313-win_amd64.whl", hash = "sha256:5899d28b5276f536fcf840b18b61a9fce23cc3aec1d114c44c07fe94ebeaa500" },
    { url = "http://stinkbox:5005/index/coverage/coverage-7.13.1-cp313-cp313-win_arm64.whl", hash = "sha256:868a2fae76dfb06e87291bcbd4dcbcc778a8500510b618d50496e520bd94d9b9" },
    { url = "http://stinkbox:5005/index/coverage/coverage-7.13.1-cp313-cp313t-macosx_10_13_x86_64.whl", hash = "sha256:67170979de0dacac3f3097d02b0ad188d8edcea44ccc44aaa0550af49150c7dc" },
    { url = "http://stinkbox:5005/index/coverage/coverage-7.13.1-cp313-cp313t-macosx_11_0_arm64.whl", hash = "sha256:f80e2bb21bfab56ed7405c2d79d34b5dc0bc96c2c1d2a067b643a09fb756c43a" },
    { url = "http://stinkbox:5005/index/coverage/coverage-7.13.1-cp313-cp313t-manylinux1_i686.manylinux_2_28_i686.manylinux_2_5_i686.whl", hash = "sha256:f83351e0f7dcdb14d7326c3d8d8c4e915fa685cbfdc6281f9470d97a04e9dfe4" },
    { url = "http://stinkbox:5005/index/coverage/coverage-7.13.1-cp313-cp313t-manylinux1_x86_64.manylinux_2_28_x86_64.manylinux_2_5_x86_64.whl", hash = "sha256:bb3f6562e89bad0110afbe64e485aac2462efdce6232cdec7862a095dc3412f6" },
    { url = "http://stinkbox:5005/index/coverage/coverage-7.13.1-cp313-cp313t-manylinux2014_aarch64.manylinux_2_17_aarch64.manylinux_2_28_aarch64.whl", hash = "sha256:77545b5dcda13b70f872c3b5974ac64c21d05e65b1590b441c8560115dc3a0d1" },
    { url = "http://stinkbox:5005/index/coverage/coverage-7.13.1-cp313-cp313t-manylinux_2_31_riscv64.manylinux_2_39_riscv64.whl", hash = "sha256:a4d240d260a1aed814790bbe1f10a5ff31ce6c21bc78f0da4a1e8268d6c80dbd" },
    { url = "http://stinkbox:5005/index/coverage/coverage-7.13.1-cp313-cp313t-musllinux_1_2_aarch64.whl", hash = "sha256:d2287ac9360dec3837bfdad969963a5d073a09a85d898bd86bea82aa8876ef3c" },
    { url = "http://stinkbox:5005/index/coverage/coverage-7.13.1-cp313-cp313t-musllinux_1_2_i686.whl", hash = "sha256:0d2c11f3ea4db66b5cbded23b20185c35066892c67d80ec4be4bab257b9ad1e0" },
    { url = "http://stinkbox:5005/index/coverage/coverage-7.13.1-cp313-cp313t-musllinux_1_2_riscv64.whl", hash = "sha256:3fc6a169517ca0d7ca6846c3c5392ef2b9e38896f61d615cb75b9e7134d4ee1e" },
    { url = "http://stinkbox:5005/index/coverage/coverage-7.13.1-cp313-cp313t-musllinux_1_2_x86_64.whl", hash = "sha256:d10a2ed46386e850bb3de503a54f9fe8192e5917fcbb143bfef653a9355e9a53" },
    { url = "http://stinkbox:5005/index/coverage/coverage-7.13.1-cp313-cp313t-win32.whl", hash = "sha256:75a6f4aa904301dab8022397a22c0039edc1f51e90b83dbd4464b8a38dc87842" },
    { url = "http://stinkbox:5005/index/coverage/coverage-7.13.1-cp313-cp313t-win_amd64.whl", hash = "sha256:309ef5706e95e62578cda256b97f5e097916a2c26247c287bbe74794e7150df2" },
    { url = "http://stinkbox:5005/index/coverage/coverage-7.13.1-cp313-cp313t-win_arm64.whl", hash = "sha256:92f980729e79b5d16d221038dbf2e8f9a9136afa072f9d5d6ed4cb984b126a09" },
    { url = "http://stinkbox:5005/index/coverage/coverage-7.13.1-cp314-cp314-macosx_10_15_x86_64.whl", hash = "sha256:97ab3647280d458a1f9adb85244e81587505a43c0c7cff851f5116cd2814b894" },
    { url = "http://stinkbox:5005/index/coverage/coverage-7.13.1-cp314-cp314-macosx_11_0_arm64.whl", hash = "sha256:8f572d989142e0908e6acf57ad1b9b86989ff057c006d13b76c146ec6a20216a" },
    { url = "http://stinkbox:5005/index/coverage/coverage-7.13.1-cp314-cp314-manylinux1_i686.manylinux_2_28_i686.manylinux_2_5_i686.whl", hash = "sha256:d72140ccf8a147e94274024ff6fd8fb7811354cf7ef88b1f0a988ebaa5bc774f" },
    { url = "http://stinkbox:5005/index/coverage/coverage-7.13.1-cp314-cp314-manylinux1_x86_64.manylinux_2_28_x86_64.manylinux_2_5_x86_64.whl", hash = "sha256:d3c9f051b028810f5a87c88e5d6e9af3c0ff32ef62763bf15d29f740453ca909" },
    { url = "http://stinkbox:5005/index/coverage/coverage-7.13.1-cp314-cp314-manylinux2014_aarch64.manylinux_2_17_aarch64.manylinux_2_28_aarch64.whl", hash = "sha256:f398ba4df52d30b1763f62eed9de5620dcde96e6f491f4c62686736b155aa6e4" },
    { url = "http://stinkbox:5005/index/coverage/coverage-7.13.1-cp314-cp314-manylinux_2_31_riscv64.manylinux_2_39_riscv64.whl", hash = "sha256:132718176cc723026d201e347f800cd1a9e4b62ccd3f82476950834dad501c75" },
    { url = "http://stinkbox:5005/index/coverage/coverage-7.13.1-cp314-cp314-musllinux_1_2_aarch64.whl", hash = "sha256:9e549d642426e3579b3f4b92d0431543b012dcb6e825c91619d4e93b7363c3f9" },
    { url = "http://stinkbox:5005/index/coverage/coverage-7.13.1-cp314-cp314-musllinux_1_2_i686.whl", hash = "sha256:90480b2134999301eea795b3a9dbf606c6fbab1b489150c501da84a959442465" },
    { url = "http://stinkbox:5005/index/coverage/coverage-7.13.1-cp314-cp314-musllinux_1_2_riscv64.whl", hash = "sha256:e825dbb7f84dfa24663dd75835e7257f8882629fc11f03ecf77d84a75134b864" },
    { url = "http://stinkbox:5005/index/coverage/coverage-7.13.1-cp314-cp314-musllinux_1_2_x86_64.whl", hash = "sha256:623dcc6d7a7ba450bbdbeedbaa0c42b329bdae16491af2282f12a7e809be7eb9" },
    { url = "http://stinkbox:5005/index/coverage/coverage-7.13.1-cp314-cp314-win32.whl", hash = "sha256:6e73ebb44dca5f708dc871fe0b90cf4cff1a13f9956f747cc87b535a840386f5" },
    { url = "http://stinkbox:5005/index/coverage/coverage-7.13.1-cp314-cp314-win_amd64.whl", hash = "sha256:be753b225d159feb397bd0bf91ae86f689bad0da09d3b301478cd39b878ab31a" },
    { url = "http://stinkbox:5005/index/coverage/coverage-7.13.1-cp314-cp314-win_arm64.whl", hash = "sha256:228b90f613b25ba0019361e4ab81520b343b622fc657daf7e501c4ed6a2366c0" },
    { url = "http://stinkbox:5005/index/coverage/coverage-7.13.1-cp314-cp314t-macosx_10_15_x86_64.whl", hash = "sha256:60cfb538fe9ef86e5b2ab0ca8fc8d62524777f6c611dcaf76dc16fbe9b8e698a" },
    { url = "http://stinkbox:5005/index/coverage/coverage-7.13.1-cp314-cp314t-macosx_11_0_arm64.whl", hash = "sha256:57dfc8048c72ba48a8c45e188d811e5efd7e49b387effc8fb17e97936dde5bf6" },
    { url = "http://stinkbox:5005/index/coverage/coverage-7.13.1-cp314-cp314t-manylinux1_i686.manylinux_2_28_i686.manylinux_2_5_i686.whl", hash = "sha256:3f2f725aa3e909b3c5fdb8192490bdd8e1495e85906af74fe6e34a2a77ba0673" },
    { url = "http://stinkbox:5005/index/coverage/coverage-7.13.1-cp314-cp314t-manylinux1_x86_64.manylinux_2_28_x86_64.manylinux_2_5_x86_64.whl", hash = "sha256:9ee68b21909686eeb21dfcba2c3b81fee70dcf38b140dcd5aa70680995fa3aa5" },
    { url = "http://stinkbox:5005/index/coverage/coverage-7.13.1-cp314-cp314t-manylinux2014_aarch64.manylinux_2_17_aarch64.manylinux_2_28_aarch64.whl", hash = "sha256:724b1b270cb13ea2e6503476e34541a0b1f62280bc997eab443f87790202033d" },
    { url = "http://stinkbox:5005/index/coverage/coverage-7.13.1-cp314-cp314t-manylinux_2_31_riscv64.manylinux_2_39_riscv64.whl", hash = "sha256:916abf1ac5cf7eb16bc540a5bf75c71c43a676f5c52fcb9fe75a2bd75fb944e8" },
    { url = "http://stinkbox:5005/index/coverage/coverage-7.13.1-cp314-cp314t-musllinux_1_2_aarch64.whl", hash = "sha256:776483fd35b58d8afe3acbd9988d5de592ab6da2d2a865edfdbc9fdb43e7c486" },
    { url = "http://stinkbox:5005/index/coverage/coverage-7.13.1-cp314-cp314t-musllinux_1_2_i686.whl", hash = "sha256:b6f3b96617e9852703f5b633ea01315ca45c77e879584f283c44127f0f1ec564" },
    { url = "http://stinkbox:5005/index/coverage/coverage-7.13.1-cp314-cp314t-musllinux_1_2_riscv64.whl", hash = "sha256:bd63e7b74661fed317212fab774e2a648bc4bb09b35f25474f8e3325d2945cd7" },
    { url = "http://stinkbox:5005/index/coverage/coverage-7.13.1-cp314-cp314t-musllinux_1_2_x86_64.whl", hash = "sha256:933082f161bbb3e9f90d00990dc956120f608cdbcaeea15c4d897f56ef4fe416" },
    { url = "http://stinkbox:5005/index/coverage/coverage-7.13.1-cp314-cp314t-win32.whl", hash = "sha256:18be793c4c87de2965e1c0f060f03d9e5aff66cfeae8e1dbe6e5b88056ec153f" },
    { url = "http://stinkbox:5005/index/coverage/coverage-7.13.1-cp314-cp314t-win_amd64.whl", hash = "sha256:0e42e0ec0cd3e0d851cb3c91f770c9301f48647cb2877cb78f74bdaa07639a79" },
    { url = "http://stinkbox:5005/index/coverage/coverage-7.13.1-cp314-cp314t-win_arm64.whl", hash = "sha256:eaecf47ef10c72ece9a2a92118257da87e460e113b83cc0d2905cbbe931792b4" },
    { url = "http://stinkbox:5005/index/coverage/coverage-7.13.1-py3-none-any.whl", hash = "sha256:2016745cb3ba554469d02819d78958b571792bb68e31302610e898f80dd3a573" },
]

[[package]]
name = "deprecated"
version = "1.3.1"
source = { registry = "http://stinkbox:5005/index/" }
dependencies = [
    { name = "wrapt" },
]
sdist = { url = "http://stinkbox:5005/index/deprecated/deprecated-1.3.1.tar.gz", hash = "sha256:b1b50e0ff0c1fddaa5708a2c6b0a6588bb09b892825ab2b214ac9ea9d92a5223" }
wheels = [
    { url = "http://stinkbox:5005/index/deprecated/deprecated-1.3.1-py2.py3-none-any.whl", hash = "sha256:597bfef186b6f60181535a29fbe44865ce137a5079f295b479886c82729d5f3f" },
]

[[package]]
name = "iniconfig"
version = "2.3.0"
source = { registry = "http://stinkbox:5005/index/" }
sdist = { url = "http://stinkbox:5005/index/iniconfig/iniconfig-2.3.0.tar.gz", hash = "sha256:c76315c77db068650d49c5b56314774a7804df16fee4402c1f19d6d15d8c4730" }
wheels = [
    { url = "http://stinkbox:5005/index/iniconfig/iniconfig-2.3.0-py3-none-any.whl", hash = "sha256:f631c04d2c48c52b84d0d0549c99ff3859c98df65b3101406327ecc7d53fbf12" },
]

[[package]]
name = "jaconv"
version = "0.4.1"
source = { registry = "http://stinkbox:5005/index/" }
sdist = { url = "http://stinkbox:5005/index/jaconv/jaconv-0.4.1.tar.gz", hash = "sha256:d18898764a562304035a3af1b966bf3b1f73da8cb92ee7b75ad5b7762411cd28" }
wheels = [
    { url = "http://stinkbox:5005/index/jaconv/jaconv-0.4.1-py3-none-any.whl", hash = "sha256:98d42263225f0c1b780c6428f3ac65b96d652248929d1757520afef90687c2d7" },
]

[[package]]
name = "korean-romanizer"
version = "0.28.0"
source = { registry = "http://stinkbox:5005/index/" }
sdist = { url = "http://stinkbox:5005/index/korean-romanizer/korean_romanizer-0.28.0.tar.gz", hash = "sha256:27d9f27396fa70483356cb0da0bf17b9ade4d30637a610f563b646b0cb2e525d" }
wheels = [
    { url = "http://stinkbox:5005/index/korean-romanizer/korean_romanizer-0.28.0-py3-none-any.whl", hash = "sha256:0077545c3ff8576c6296d9ea504f090746b57e2034479e0efe97ec9cf85a29e1" },
]

[[package]]
name = "musync"
version = "0.6.2"
source = { editable = "." }
dependencies = [
    { name = "click" },
    { name = "coverage" },
    { name = "mutagen" },
    { name = "pytest" },
]

[package.optional-dependencies]
cjk = [
    { name = "korean-romanizer" },
    { name = "pykakasi" },
    { name = "pypinyin" },
]
jp = [
    { name = "pykakasi" },
]
kr = [
    { name = "korean-romanizer" },
]
zh = [
    { name = "pypinyin" },
]

[package.dev-dependencies]
dev = [
    { name = "pytest" },
    { name = "pytest-cov" },
    { name = "pytest-mock" },
]

[package.metadata]
requires-dist = [
    { name = "click", specifier = ">=8.0.0" },
    { name = "coverage", specifier = ">=7.2.7" },
    { name = "korean-romanizer", marker = "extra == 'cjk'", specifier = ">=0.28.0" },
    { name = "korean-romanizer", marker = "extra == 'kr'", specifier = ">=0.28.0" },
    { name = "mutagen", specifier = ">=1.30" },
    { name = "pykakasi", marker = "extra == 'cjk'", specifier = ">=2.2.1" },
    { name = "pykakasi", marker = "extra == 'jp'", specifier = ">=2.2.1" },
    { name = "pypinyin", marker = "extra == 'cjk'", specifier = ">=0.55.0" },
    { name = "pypinyin", marker = "extra == 'zh'", specifier = ">=0.55.0" },
    { name = "pytest", specifier = ">=7.4.4" },
]
provides-extras = ["jp", "kr", "zh", "cjk"]

[package.metadata.requires-dev]
dev = [
    { name = "pytest", specifier = ">=7.0.0" },
    { name = "pytest-cov", specifier = ">=4.0.0" },
    { name = "pytest-mock", specifier = ">=3.10.0" },
]

[[package]]
name = "mutagen"
version = "1.47.0"
source = { registry = "http://stinkbox:5005/index/" }
sdist = { url = "http://stinkbox:5005/index/mutagen/mutagen-1.47.0.tar.gz", hash = "sha256:719fadef0a978c31b4cf3c956261b3c58b6948b32023078a2117b1de09f0fc99" }
wheels = [
    { url = "http://stinkbox:5005/index/mutagen/mutagen-1.47.0-py3-none-any.whl", hash = "sha256:edd96f50c5907a9539d8e5bba7245f62c9f520aef333d13392a79a4f70aca719" },
]

[[package]]
name = "packaging"
version = "25.0"
source = { registry = "http://stinkbox:5005/index/" }
sdist = { url = "http://stinkbox:5005/index/packaging/packaging-25.0.tar.gz", hash = "sha256:d443872c98d677bf60f6a1f2f8c1cb748e8fe762d2bf9d3148b5599295b0fc4f" }
wheels = [
    { url = "http://stinkbox:5005/index/packaging/packaging-25.0-py3-none-any.whl", hash = "sha256:29572ef2b1f17581046b3a2227d5c611fb25ec70ca1ba8554b24b0e69331a484" },
]

[[package]]
name = "pluggy"
version = "1.6.0"
source = { registry = "http://stinkbox:5005/index/" }
sdist = { url = "http://stinkbox:5005/index/pluggy/pluggy-1.6.0.tar.gz", hash = "sha256:7dcc130b76258d33b90f61b658791dede3486c3e6bfb003ee5c9bfb396dd22f3" }
wheels = [
    { url = "http://stinkbox:5005/index/pluggy/pluggy-1.6.0-py3-none-any.whl", hash = "sha256:e920276dd6813095e9377c0bc5566d94c932c33b27a3e3945d8389c374dd4746" },
]

[[package]]
name = "pygments"
version = "2.19.2"
source = { registry = "http://stinkbox:5005/index/" }
sdist = { url = "http://stinkbox:5005/index/pygments/pygments-2.19.2.tar.gz", hash = "sha256:636cb2477cec7f8952536970bc533bc43743542f70392ae026374600add5b887" }
wheels = [
    { url = "http://stinkbox:5005/index/pygments/pygments-2.19.2-py3-none-any.whl", hash = "sha256:86540386c03d588bb81d44bc3928634ff26449851e99741617ecb9037ee5ec0b" },
]

[[package]]
name = "pykakasi"
version = "2.3.0"
source = { registry = "http://stinkbox:5005/index/" }
dependencies = [
    { name = "deprecated" },
    { name = "jaconv" },
]
sdist = { url = "http://stinkbox:5005/index/pykakasi/pykakasi-2.3.0.tar.gz", hash = "sha256:fa052a8e63f59fb8d6569abbe719a8c9f9daf15ed27a67a56ab1705f0f67b0a1" }
wheels = [
    { url = "http://stinkbox:5005/index/pykakasi/pykakasi-2.3.0-py3-none-any.whl", hash = "sha256:26d21b090048ff45c6a4d8e962426b7951767216008ec30358e8a9d74af77f29" },
]

[[package]]
name = "pypinyin"
version = "0.55.0"
source = { registry = "http://stinkbox:5005/index/" }
sdist = { url = "http://stinkbox:5005/index/pypinyin/pypinyin-0.55.0.tar.gz", hash = "sha256:b5711b3a0c6f76e67408ec6b2e3c4987a3a806b7c528076e7c7b86fcf0eaa66b" }
wheels = [
    { url = "http://stinkbox:5005/index/pypinyin/pypinyin-0.55.0-py2.py3-none-any.whl", hash = "sha256:d53b1e8ad2cdb815fb2cb604ed3123372f5a28c6f447571244aca36fc62a286f" },
]

[[package]]
name = "pytest"
version = "9.0.2"
source = { registry = "http://stinkbox:5005/index/" }
dependencies = [
    { name = "colorama", marker = "sys_platform == 'win32'" },
    { name = "iniconfig" },
    { name = "packaging" },
    { name = "pluggy" },
    { name = "pygments" },
]
sdist = { url = "http://stinkbox:5005/index/pytest/pytest-9.0.2.tar.gz", hash = "sha256:75186651a92bd89611d1d9fc20f0b4345fd827c41ccd5c299a868a05d70edf11" }
wheels = [
    { url = "http://stinkbox:5005/index/pytest/pytest-9.0.2-py3-none-any.whl", hash = "sha256:711ffd45bf766d5264d487b917733b453d917afd2b0ad65223959f59089f875b" },
]

[[package]]
name = "pytest-cov"
version = "7.0.0"
source = { registry = "http://stinkbox:5005/index/" }
dependencies = [
    { name = "coverage" },
    { name = "pluggy" },
    { name = "pytest" },
]
sdist = { url = "http://stinkbox:5005/index/pytest-cov/pytest_cov-7.0.0.tar.gz", hash = "sha256:33c97eda2e049a0c5298e91f519302a1334c26ac65c1a483d6206fd458361af1" }
wheels = [
    { url = "http://stinkbox:5005/index/pytest-cov/pytest_cov-7.0.0-py3-none-any.whl", hash = "sha256:3b8e9558b16cc1479da72058bdecf8073661c7f57f7d3c5f22a1c23507f2d861" },
]

[[package]]
name = "pytest-mock"
version = "3.15.1"
source = { registry = "http://stinkbox:5005/index/" }
dependencies = [
    { name = "pytest" },
]
sdist = { url = "http://stinkbox:5005/index/pytest-mock/pytest_mock-3.15.1.tar.gz", hash = "sha256:1849a238f6f396da19762269de72cb1814ab44416fa73a8686deac10b0d87a0f" }
wheels = [
    { url = "http://stinkbox:5005/index/pytest-mock/pytest_mock-3.15.1-py3-none-any.whl", hash = "sha256:0a25e2eb88fe5168d535041d09a4529a188176ae608a6d249ee65abc0949630d" },
]

[[package]]
name = "wrapt"
version = "2.0.1"
source = { registry = "http://stinkbox:5005/index/" }
sdist = { url = "http://stinkbox:5005/index/wrapt/wrapt-2.0.1.tar.gz", hash = "sha256:9c9c635e78497cacb81e84f8b11b23e0aacac7a136e73b8e5b2109a1d9fc468f" }
wheels = [
    { url = "http://stinkbox:5005/index/wrapt/wrapt-2.0.1-cp312-cp312-macosx_10_13_universal2.whl", hash = "sha256:1fdbb34da15450f2b1d735a0e969c24bdb8d8924892380126e2a293d9902078c" },
    { url = "http://stinkbox:5005/index/wrapt/wrapt-2.0.1-cp312-cp312-macosx_10_13_x86_64.whl", hash = "sha256:3d32794fe940b7000f0519904e247f902f0149edbe6316c710a8562fb6738841" },
    { url = "http://stinkbox:5005/index/wrapt/wrapt-2.0.1-cp312-cp312-macosx_11_0_arm64.whl", hash = "sha256:386fb54d9cd903ee0012c09291336469eb7b244f7183d40dc3e86a16a4bace62" },
    { url = "http://stinkbox:5005/index/wrapt/wrapt-2.0.1-cp312-cp312-manylinux1_x86_64.manylinux_2_28_x86_64.manylinux_2_5_x86_64.whl", hash = "sha256:7b219cb2182f230676308cdcacd428fa837987b89e4b7c5c9025088b8a6c9faf" },
    { url = "http://stinkbox:5005/index/wrapt/wrapt-2.0.1-cp312-cp312-manylinux2014_aarch64.manylinux_2_17_aarch64.manylinux_2_28_aarch64.whl", hash = "sha256:641e94e789b5f6b4822bb8d8ebbdfc10f4e4eae7756d648b717d980f657a9eb9" },
    { url = "http://stinkbox:5005/index/wrapt/wrapt-2.0.1-cp312-cp312-manylinux_2_31_riscv64.manylinux_2_39_riscv64.whl", hash = "sha256:fe21b118b9f58859b5ebaa4b130dee18669df4bd111daad082b7beb8799ad16b" },
    { url = "http://stinkbox:5005/index/wrapt/wrapt-2.0.1-cp312-cp312-musllinux_1_2_aarch64.whl", hash = "sha256:17fb85fa4abc26a5184d93b3efd2dcc14deb4b09edcdb3535a536ad34f0b4dba" },
    { url = "http://stinkbox:5005/index/wrapt/wrapt-2.0.1-cp312-cp312-musllinux_1_2_riscv64.whl", hash = "sha256:b89ef9223d665ab255ae42cc282d27d69704d94be0deffc8b9d919179a609684" },
    { url = "http://stinkbox:5005/index/wrapt/wrapt-2.0.1-cp312-cp312-musllinux_1_2_x86_64.whl", hash = "sha256:a453257f19c31b31ba593c30d997d6e5be39e3b5ad9148c2af5a7314061c63eb" },
    { url = "http://stinkbox:5005/index/wrapt/wrapt-2.0.1-cp312-cp312-win32.whl", hash = "sha256:3e271346f01e9c8b1130a6a3b0e11908049fe5be2d365a5f402778049147e7e9" },
    { url = "http://stinkbox:5005/index/wrapt/wrapt-2.0.1-cp312-cp312-win_amd64.whl", hash = "sha256:2da620b31a90cdefa9cd0c2b661882329e2e19d1d7b9b920189956b76c564d75" },
    { url = "http://stinkbox:5005/index/wrapt/wrapt-2.0.1-cp312-cp312-win_arm64.whl", hash = "sha256:aea9c7224c302bc8bfc892b908537f56c430802560e827b75ecbde81b604598b" },
    { url = "http://stinkbox:5005/index/wrapt/wrapt-2.0.1-cp313-cp313-macosx_10_13_universal2.whl", hash = "sha256:47b0f8bafe90f7736151f61482c583c86b0693d80f075a58701dd1549b0010a9" },
    { url = "http://stinkbox:5005/index/wrapt/wrapt-2.0.1-cp313-cp313-macosx_10_13_x86_64.whl", hash = "sha256:cbeb0971e13b4bd81d34169ed57a6dda017328d1a22b62fda45e1d21dd06148f" },
    { url = "http://stinkbox:5005/index/wrapt/wrapt-2.0.1-cp313-cp313-macosx_11_0_arm64.whl", hash = "sha256:eb7cffe572ad0a141a7886a1d2efa5bef0bf7fe021deeea76b3ab334d2c38218" },
    { url = "http://stinkbox:5005/index/wrapt/wrapt-2.0.1-cp313-cp313-manylinux1_x86_64.manylinux_2_28_x86_64.manylinux_2_5_x86_64.whl", hash = "sha256:c8d60527d1ecfc131426b10d93ab5d53e08a09c5fa0175f6b21b3252080c70a9" },
    { url = "http://stinkbox:5005/index/wrapt/wrapt-2.0.1-cp313-cp313-manylinux2014_aarch64.manylinux_2_17_aarch64.manylinux_2_28_aarch64.whl", hash = "sha256:c654eafb01afac55246053d67a4b9a984a3567c3808bb7df2f8de1c1caba2e1c" },
    { url = "http://stinkbox:5005/index/wrapt/wrapt-2.0.1-cp313-cp313-manylinux_2_31_riscv64.manylinux_2_39_riscv64.whl", hash = "sha256:98d873ed6c8b4ee2418f7afce666751854d6d03e3c0ec2a399bb039cd2ae89db" },
    { url = "http://stinkbox:5005/index/wrapt/wrapt-2.0.1-cp313-cp313-musllinux_1_2_aarch64.whl", hash = "sha256:c9e850f5b7fc67af856ff054c71690d54fa940c3ef74209ad9f935b4f66a0233" },
    { url = "http://stinkbox:5005/index/wrapt/wrapt-2.0.1-cp313-cp313-musllinux_1_2_riscv64.whl", hash = "sha256:e505629359cb5f751e16e30cf3f91a1d3ddb4552480c205947da415d597f7ac2" },
    { url = "http://stinkbox:5005/index/wrapt/wrapt-2.0.1-cp313-cp313-musllinux_1_2_x86_64.whl", hash = "sha256:2879af909312d0baf35f08edeea918ee3af7ab57c37fe47cb6a373c9f2749c7b" },
    { url = "http://stinkbox:5005/index/wrapt/wrapt-2.0.1-cp313-cp313-win32.whl", hash = "sha256:d67956c676be5a24102c7407a71f4126d30de2a569a1c7871c9f3cabc94225d7" },
    { url = "http://stinkbox:5005/index/wrapt/wrapt-2.0.1-cp313-cp313-win_amd64.whl", hash = "sha256:9ca66b38dd642bf90c59b6738af8070747b610115a39af2498535f62b5cdc1c3" },
    { url = "http://stinkbox:5005/index/wrapt/wrapt-2.0.1-cp313-cp313-win_arm64.whl", hash = "sha256:5a4939eae35db6b6cec8e7aa0e833dcca0acad8231672c26c2a9ab7a0f8ac9c8" },
    { url = "http://stinkbox:5005/index/wrapt/wrapt-2.0.1-cp313-cp313t-macosx_10_13_universal2.whl", hash = "sha256:a52f93d95c8d38fed0669da2ebdb0b0376e895d84596a976c15a9eb45e3eccb3" },
    { url = "http://stinkbox:5005/index/wrapt/wrapt-2.0.1-cp313-cp313t-macosx_10_13_x86_64.whl", hash = "sha256:4e54bbf554ee29fcceee24fa41c4d091398b911da6e7f5d7bffda963c9aed2e1" },
    { url = "http://stinkbox:5005/index/wrapt/wrapt-2.0.1-cp313-cp313t-macosx_11_0_arm64.whl", hash = "sha256:908f8c6c71557f4deaa280f55d0728c3bca0960e8c3dd5ceeeafb3c19942719d" },
    { url = "http://stinkbox:5005/index/wrapt/wrapt-2.0.1-cp313-cp313t-manylinux1_x86_64.manylinux_2_28_x86_64.manylinux_2_5_x86_64.whl", hash = "sha256:e2f84e9af2060e3904a32cea9bb6db23ce3f91cfd90c6b426757cf7cc01c45c7" },
    { url = "http://stinkbox:5005/index/wrapt/wrapt-2.0.1-cp313-cp313t-manylinux2014_aarch64.manylinux_2_17_aarch64.manylinux_2_28_aarch64.whl", hash = "sha256:e3612dc06b436968dfb9142c62e5dfa9eb5924f91120b3c8ff501ad878f90eb3" },
    { url = "http://stinkbox:5005/index/wrapt/wrapt-2.0.1-cp313-cp313t-manylinux_2_31_riscv64.manylinux_2_39_riscv64.whl", hash = "sha256:6d2d947d266d99a1477cd005b23cbd09465276e302515e122df56bb9511aca1b" },
    { url = "http://stinkbox:5005/index/wrapt/wrapt-2.0.1-cp313-cp313t-musllinux_1_2_aarch64.whl", hash = "sha256:7d539241e87b650cbc4c3ac9f32c8d1ac8a54e510f6dca3f6ab60dcfd48c9b10" },
    { url = "http://stinkbox:5005/index/wrapt/wrapt-2.0.1-cp313-cp313t-musllinux_1_2_riscv64.whl", hash = "sha256:4811e15d88ee62dbf5c77f2c3ff3932b1e3ac92323ba3912f51fc4016ce81ecf" },
    { url = "http://stinkbox:5005/index/wrapt/wrapt-2.0.1-cp313-cp313t-musllinux_1_2_x86_64.whl", hash = "sha256:c1c91405fcf1d501fa5d55df21e58ea49e6b879ae829f1039faaf7e5e509b41e" },
    { url = "http://stinkbox:5005/index/wrapt/wrapt-2.0.1-cp313-cp313t-win32.whl", hash = "sha256:e76e3f91f864e89db8b8d2a8311d57df93f01ad6bb1e9b9976d1f2e83e18315c" },
    { url = "http://stinkbox:5005/index/wrapt/wrapt-2.0.1-cp313-cp313t-win_amd64.whl", hash = "sha256:83ce30937f0ba0d28818807b303a412440c4b63e39d3d8fc036a94764b728c92" },
    { url = "http://stinkbox:5005/index/wrapt/wrapt-2.0.1-cp313-cp313t-win_arm64.whl", hash = "sha256:4b55cacc57e1dc2d0991dbe74c6419ffd415fb66474a02335cb10efd1aa3f84f" },
    { url = "http://stinkbox:5005/index/wrapt/wrapt-2.0.1-cp314-cp314-macosx_10_13_universal2.whl", hash = "sha256:5e53b428f65ece6d9dad23cb87e64506392b720a0b45076c05354d27a13351a1" },
    { url = "http://stinkbox:5005/index/wrapt/wrapt-2.0.1-cp314-cp314-macosx_10_13_x86_64.whl", hash = "sha256:ad3ee9d0f254851c71780966eb417ef8e72117155cff04821ab9b60549694a55" },
    { url = "http://stinkbox:5005/index/wrapt/wrapt-2.0.1-cp314-cp314-macosx_11_0_arm64.whl", hash = "sha256:d7b822c61ed04ee6ad64bc90d13368ad6eb094db54883b5dde2182f67a7f22c0" },
    { url = "http://stinkbox:5005/index/wrapt/wrapt-2.0.1-cp314-cp314-manylinux1_x86_64.manylinux_2_28_x86_64.manylinux_2_5_x86_64.whl", hash = "sha256:7164a55f5e83a9a0b031d3ffab4d4e36bbec42e7025db560f225489fa929e509" },
    { url = "http://stinkbox:5005/index/wrapt/wrapt-2.0.1-cp314-cp314-manylinux2014_aarch64.manylinux_2_17_aarch64.manylinux_2_28_aarch64.whl", hash = "sha256:e60690ba71a57424c8d9ff28f8d006b7ad7772c22a4af432188572cd7fa004a1" },
    { url = "http://stinkbox:5005/index/wrapt/wrapt-2.0.1-cp314-cp314-manylinux_2_31_riscv64.manylinux_2_39_riscv64.whl", hash = "sha256:3cd1a4bd9a7a619922a8557e1318232e7269b5fb69d4ba97b04d20450a6bf970" },
    { url = "http://stinkbox:5005/index/wrapt/wrapt-2.0.1-cp314-cp314-musllinux_1_2_aarch64.whl", hash = "sha256:b4c2e3d777e38e913b8ce3a6257af72fb608f86a1df471cb1d4339755d0a807c" },
    { url = "http://stinkbox:5005/index/wrapt/wrapt-2.0.1-cp314-cp314-musllinux_1_2_riscv64.whl", hash = "sha256:3d366aa598d69416b5afedf1faa539fac40c1d80a42f6b236c88c73a3c8f2d41" },
    { url = "http://stinkbox:5005/index/wrapt/wrapt-2.0.1-cp314-cp314-musllinux_1_2_x86_64.whl", hash = "sha256:c235095d6d090aa903f1db61f892fffb779c1eaeb2a50e566b52001f7a0f66ed" },
    { url = "http://stinkbox:5005/index/wrapt/wrapt-2.0.1-cp314-cp314-win32.whl", hash = "sha256:bfb5539005259f8127ea9c885bdc231978c06b7a980e63a8a61c8c4c979719d0" },
    { url = "http://stinkbox:5005/index/wrapt/wrapt-2.0.1-cp314-cp314-win_amd64.whl", hash = "sha256:4ae879acc449caa9ed43fc36ba08392b9412ee67941748d31d94e3cedb36628c" },
    { url = "http://stinkbox:5005/index/wrapt/wrapt-2.0.1-cp314-cp314-win_arm64.whl", hash = "sha256:8639b843c9efd84675f1e100ed9e99538ebea7297b62c4b45a7042edb84db03e" },
    { url = "http://stinkbox:5005/index/wrapt/wrapt-2.0.1-cp314-cp314t-macosx_10_13_universal2.whl", hash = "sha256:9219a1d946a9b32bb23ccae66bdb61e35c62773ce7ca6509ceea70f344656b7b" },
    { url = "http://stinkbox:5005/index/wrapt/wrapt-2.0.1-cp314-cp314t-macosx_10_13_x86_64.whl", hash = "sha256:fa4184e74197af3adad3c889a1af95b53bb0466bced92ea99a0c014e48323eec" },
    { url = "http://stinkbox:5005/index/wrapt/wrapt-2.0.1-cp314-cp314t-macosx_11_0_arm64.whl", hash = "sha256:c5ef2f2b8a53b7caee2f797ef166a390fef73979b15778a4a153e4b5fedce8fa" },
    { url = "http://stinkbox:5005/index/wrapt/wrapt-2.0.1-cp314-cp314t-manylinux1_x86_64.manylinux_2_28_x86_64.manylinux_2_5_x86_64.whl", hash = "sha256:e042d653a4745be832d5aa190ff80ee4f02c34b21f4b785745eceacd0907b815" },
    { url = "http://stinkbox:5005/index/wrapt/wrapt-2.0.1-cp314-cp314t-manylinux2014_aarch64.manylinux_2_17_aarch64.manylinux_2_28_aarch64.whl", hash = "sha256:2afa23318136709c4b23d87d543b425c399887b4057936cd20386d5b1422b6fa" },
    { url = "http://stinkbox:5005/index/wrapt/wrapt-2.0.1-cp314-cp314t-manylinux_2_31_riscv64.manylinux_2_39_riscv64.whl", hash = "sha256:6c72328f668cf4c503ffcf9434c2b71fdd624345ced7941bc6693e61bbe36bef" },
    { url = "http://stinkbox:5005/index/wrapt/wrapt-2.0.1-cp314-cp314t-musllinux_1_2_aarch64.whl", hash = "sha256:3793ac154afb0e5b45d1233cb94d354ef7a983708cc3bb12563853b1d8d53747" },
    { url = "http://stinkbox:5005/index/wrapt/wrapt-2.0.1-cp314-cp314t-musllinux_1_2_riscv64.whl", hash = "sha256:fec0d993ecba3991645b4857837277469c8cc4c554a7e24d064d1ca291cfb81f" },
    { url = "http://stinkbox:5005/index/wrapt/wrapt-2.0.1-cp314-cp314t-musllinux_1_2_x86_64.whl", hash = "sha256:949520bccc1fa227274da7d03bf238be15389cd94e32e4297b92337df9b7a349" },
    { url = "http://stinkbox:5005/index/wrapt/wrapt-2.0.1-cp314-cp314t-win32.whl", hash = "sha256:be9e84e91d6497ba62594158d3d31ec0486c60055c49179edc51ee43d095f79c" },
    { url = "http://stinkbox:5005/index/wrapt/wrapt-2.0.1-cp314-cp314t-win_amd64.whl", hash = "sha256:61c4956171c7434634401db448371277d07032a81cc21c599c22953374781395" },
    { url = "http://stinkbox:5005/index/wrapt/wrapt-2.0.1-cp314-cp314t-win_arm64.whl", hash = "sha256:35cdbd478607036fee40273be8ed54a451f5f23121bd9d4be515158f9498f7ad" },
    { url = "http://stinkbox:5005/index/wrapt/wrapt-2.0.1-py3-none-any.whl", hash = "sha256:4d2ce1bf1a48c5277d7969259232b57645aae5686dba1eaeade39442277afbca" },
]
